
Microsoft Visual Studio Solution File, Format Version 12.00
# Visual Studio Version 17
VisualStudioVersion = 17.1.32228.430
MinimumVisualStudioVersion = 10.0.40219.1
Project("{FAE04EC0-301F-11D3-BF4B-00C04F79EFBC}") = "QLTV2.0", "QLTV2.0\QLTV2.0.csproj", "{953F9EB2-913A-47C7-97EB-15F75CF41D57}"
EndProject
Global
	GlobalSection(SolutionConfigurationPlatforms) = preSolution
		Debug|Any CPU = Debug|Any CPU
		Release|Any CPU = Release|Any CPU
	EndGlobalSection
	GlobalSection(ProjectConfigurationPlatforms) = postSolution
		{953F9EB2-913A-47C7-97EB-15F75CF41D57}.Debug|Any CPU.ActiveCfg = Debug|Any CPU
		{953F9EB2-913A-47C7-97EB-15F75CF41D57}.Debug|Any CPU.Build.0 = Debug|Any CPU
		{953F9EB2-913A-47C7-97EB-15F75CF41D57}.Release|Any CPU.ActiveCfg = Release|Any CPU
		{953F9EB2-913A-47C7-97EB-15F75CF41D57}.Release|Any CPU.Build.0 = Release|Any CPU
	EndGlobalSection
	GlobalSection(SolutionProperties) = preSolution
		HideSolutionNode = FALSE
	EndGlobalSection
	GlobalSection(ExtensibilityGlobals) = postSolution
		SolutionGuid = {048F0355-64D1-4B84-97CC-52480AB564B0}
	EndGlobalSection
EndGlobal
